
Microsoft Visual Studio Solution File, Format Version 12.00
# Visual Studio Version 17
VisualStudioVersion = 17.11.35312.102
MinimumVisualStudioVersion = 10.0.40219.1
Project("{9A19103F-16F7-4668-BE54-9A1E7A4F7556}") = "School.API", "School.API\School.API.csproj", "{B70404D8-CDE8-4D8A-A351-C62602F08167}"
EndProject
Project("{FAE04EC0-301F-11D3-BF4B-00C04F79EFBC}") = "School.MODEL", "School.MODEL\School.MODEL.csproj", "{F6FC2B51-31C5-4326-80E1-C3347BAC32FB}"
EndProject
Global
	GlobalSection(SolutionConfigurationPlatforms) = preSolution
		Debug|Any CPU = Debug|Any CPU
		Release|Any CPU = Release|Any CPU
	EndGlobalSection
	GlobalSection(ProjectConfigurationPlatforms) = postSolution
		{B70404D8-CDE8-4D8A-A351-C62602F08167}.Debug|Any CPU.ActiveCfg = Debug|Any CPU
		{B70404D8-CDE8-4D8A-A351-C62602F08167}.Debug|Any CPU.Build.0 = Debug|Any CPU
		{B70404D8-CDE8-4D8A-A351-C62602F08167}.Release|Any CPU.ActiveCfg = Release|Any CPU
		{B70404D8-CDE8-4D8A-A351-C62602F08167}.Release|Any CPU.Build.0 = Release|Any CPU
		{F6FC2B51-31C5-4326-80E1-C3347BAC32FB}.Debug|Any CPU.ActiveCfg = Debug|Any CPU
		{F6FC2B51-31C5-4326-80E1-C3347BAC32FB}.Debug|Any CPU.Build.0 = Debug|Any CPU
		{F6FC2B51-31C5-4326-80E1-C3347BAC32FB}.Release|Any CPU.ActiveCfg = Release|Any CPU
		{F6FC2B51-31C5-4326-80E1-C3347BAC32FB}.Release|Any CPU.Build.0 = Release|Any CPU
	EndGlobalSection
	GlobalSection(SolutionProperties) = preSolution
		HideSolutionNode = FALSE
	EndGlobalSection
	GlobalSection(ExtensibilityGlobals) = postSolution
		SolutionGuid = {480BCC99-6E19-4B38-9303-6D4B96B088BA}
	EndGlobalSection
EndGlobal
